// !$*UTF8*$!
{
	archiveVersion = 1;
	classes = {
	};
	objectVersion = 46;
	objects = {

/* Begin PBXBuildFile section */
		75E0B1A61BA789A900EBC2C6 /* AppDelegate.swift in Sources */ = {isa = PBXBuildFile; fileRef = 75E0B1A51BA789A900EBC2C6 /* AppDelegate.swift */; };
		75E0B1A91BA789A900EBC2C6 /* listrDay1.xcdatamodeld in Sources */ = {isa = PBXBuildFile; fileRef = 75E0B1A71BA789A900EBC2C6 /* listrDay1.xcdatamodeld */; };
		75E0B1AB1BA789A900EBC2C6 /* ViewController.swift in Sources */ = {isa = PBXBuildFile; fileRef = 75E0B1AA1BA789A900EBC2C6 /* ViewController.swift */; };
		75E0B1AE1BA789A900EBC2C6 /* Main.storyboard in Resources */ = {isa = PBXBuildFile; fileRef = 75E0B1AC1BA789A900EBC2C6 /* Main.storyboard */; };
		75E0B1B01BA789A900EBC2C6 /* Images.xcassets in Resources */ = {isa = PBXBuildFile; fileRef = 75E0B1AF1BA789A900EBC2C6 /* Images.xcassets */; };
		75E0B1B31BA789A900EBC2C6 /* LaunchScreen.xib in Resources */ = {isa = PBXBuildFile; fileRef = 75E0B1B11BA789A900EBC2C6 /* LaunchScreen.xib */; };
		75E0B1BF1BA789A900EBC2C6 /* listrDay1Tests.swift in Sources */ = {isa = PBXBuildFile; fileRef = 75E0B1BE1BA789A900EBC2C6 /* listrDay1Tests.swift */; };
		75F6AF071BA8B59800520243 /* TableViewController.swift in Sources */ = {isa = PBXBuildFile; fileRef = 75F6AF061BA8B59800520243 /* TableViewController.swift */; };
/* End PBXBuildFile section */

/* Begin PBXContainerItemProxy section */
		75E0B1B91BA789A900EBC2C6 /* PBXContainerItemProxy */ = {
			isa = PBXContainerItemProxy;
			containerPortal = 75E0B1981BA789A900EBC2C6 /* Project object */;
			proxyType = 1;
			remoteGlobalIDString = 75E0B19F1BA789A900EBC2C6;
			remoteInfo = listrDay1;
		};
/* End PBXContainerItemProxy section */

/* Begin PBXFileReference section */
		75E0B1A01BA789A900EBC2C6 /* listrDay1.app */ = {isa = PBXFileReference; explicitFileType = wrapper.application; includeInIndex = 0; path = listrDay1.app; sourceTree = BUILT_PRODUCTS_DIR; };
		75E0B1A41BA789A900EBC2C6 /* Info.plist */ = {isa = PBXFileReference; lastKnownFileType = text.plist.xml; path = Info.plist; sourceTree = "<group>"; };
		75E0B1A51BA789A900EBC2C6 /* AppDelegate.swift */ = {isa = PBXFileReference; lastKnownFileType = sourcecode.swift; path = AppDelegate.swift; sourceTree = "<group>"; };
		75E0B1A81BA789A900EBC2C6 /* listrDay1.xcdatamodel */ = {isa = PBXFileReference; lastKnownFileType = wrapper.xcdatamodel; path = listrDay1.xcdatamodel; sourceTree = "<group>"; };
		75E0B1AA1BA789A900EBC2C6 /* ViewController.swift */ = {isa = PBXFileReference; lastKnownFileType = sourcecode.swift; path = ViewController.swift; sourceTree = "<group>"; };
		75E0B1AD1BA789A900EBC2C6 /* Base */ = {isa = PBXFileReference; lastKnownFileType = file.storyboard; name = Base; path = Base.lproj/Main.storyboard; sourceTree = "<group>"; };
		75E0B1AF1BA789A900EBC2C6 /* Images.xcassets */ = {isa = PBXFileReference; lastKnownFileType = folder.assetcatalog; path = Images.xcassets; sourceTree = "<group>"; };
		75E0B1B21BA789A900EBC2C6 /* Base */ = {isa = PBXFileReference; lastKnownFileType = file.xib; name = Base; path = Base.lproj/LaunchScreen.xib; sourceTree = "<group>"; };
		75E0B1B81BA789A900EBC2C6 /* listrDay1Tests.xctest */ = {isa = PBXFileReference; explicitFileType = wrapper.cfbundle; includeInIndex = 0; path = listrDay1Tests.xctest; sourceTree = BUILT_PRODUCTS_DIR; };
		75E0B1BD1BA789A900EBC2C6 /* Info.plist */ = {isa = PBXFileReference; lastKnownFileType = text.plist.xml; path = Info.plist; sourceTree = "<group>"; };
		75E0B1BE1BA789A900EBC2C6 /* listrDay1Tests.swift */ = {isa = PBXFileReference; lastKnownFileType = sourcecode.swift; path = listrDay1Tests.swift; sourceTree = "<group>"; };
		75F6AF061BA8B59800520243 /* TableViewController.swift */ = {isa = PBXFileReference; fileEncoding = 4; lastKnownFileType = sourcecode.swift; path = TableViewController.swift; sourceTree = "<group>"; };
/* End PBXFileReference section */

/* Begin PBXFrameworksBuildPhase section */
		75E0B19D1BA789A900EBC2C6 /* Frameworks */ = {
			isa = PBXFrameworksBuildPhase;
			buildActionMask = 2147483647;
			files = (
			);
			runOnlyForDeploymentPostprocessing = 0;
		};
		75E0B1B51BA789A900EBC2C6 /* Frameworks */ = {
			isa = PBXFrameworksBuildPhase;
			buildActionMask = 2147483647;
			files = (
			);
			runOnlyForDeploymentPostprocessing = 0;
		};
/* End PBXFrameworksBuildPhase section */

/* Begin PBXGroup section */
		75E0B1971BA789A900EBC2C6 = {
			isa = PBXGroup;
			children = (
				75E0B1A21BA789A900EBC2C6 /* listrDay1 */,
				75E0B1BB1BA789A900EBC2C6 /* listrDay1Tests */,
				75E0B1A11BA789A900EBC2C6 /* Products */,
			);
			sourceTree = "<group>";
		};
		75E0B1A11BA789A900EBC2C6 /* Products */ = {
			isa = PBXGroup;
			children = (
				75E0B1A01BA789A900EBC2C6 /* listrDay1.app */,
				75E0B1B81BA789A900EBC2C6 /* listrDay1Tests.xctest */,
			);
			name = Products;
			sourceTree = "<group>";
		};
		75E0B1A21BA789A900EBC2C6 /* listrDay1 */ = {
			isa = PBXGroup;
			children = (
				75E0B1A51BA789A900EBC2C6 /* AppDelegate.swift */,
				75E0B1AA1BA789A900EBC2C6 /* ViewController.swift */,
				75E0B1AC1BA789A900EBC2C6 /* Main.storyboard */,
				75F6AF061BA8B59800520243 /* TableViewController.swift */,
				75E0B1AF1BA789A900EBC2C6 /* Images.xcassets */,
				75E0B1B11BA789A900EBC2C6 /* LaunchScreen.xib */,
				75E0B1A71BA789A900EBC2C6 /* listrDay1.xcdatamodeld */,
				75E0B1A31BA789A900EBC2C6 /* Supporting Files */,
			);
			path = listrDay1;
			sourceTree = "<group>";
		};
		75E0B1A31BA789A900EBC2C6 /* Supporting Files */ = {
			isa = PBXGroup;
			children = (
				75E0B1A41BA789A900EBC2C6 /* Info.plist */,
			);
			name = "Supporting Files";
			sourceTree = "<group>";
		};
		75E0B1BB1BA789A900EBC2C6 /* listrDay1Tests */ = {
			isa = PBXGroup;
			children = (
				75E0B1BE1BA789A900EBC2C6 /* listrDay1Tests.swift */,
				75E0B1BC1BA789A900EBC2C6 /* Supporting Files */,
			);
			path = listrDay1Tests;
			sourceTree = "<group>";
		};
		75E0B1BC1BA789A900EBC2C6 /* Supporting Files */ = {
			isa = PBXGroup;
			children = (
				75E0B1BD1BA789A900EBC2C6 /* Info.plist */,
			);
			name = "Supporting Files";
			sourceTree = "<group>";
		};
/* End PBXGroup section */

/* Begin PBXNativeTarget section */
		75E0B19F1BA789A900EBC2C6 /* listrDay1 */ = {
			isa = PBXNativeTarget;
			buildConfigurationList = 75E0B1C21BA789A900EBC2C6 /* Build configuration list for PBXNativeTarget "listrDay1" */;
			buildPhases = (
				75E0B19C1BA789A900EBC2C6 /* Sources */,
				75E0B19D1BA789A900EBC2C6 /* Frameworks */,
				75E0B19E1BA789A900EBC2C6 /* Resources */,
			);
			buildRules = (
			);
			dependencies = (
			);
			name = listrDay1;
			productName = listrDay1;
			productReference = 75E0B1A01BA789A900EBC2C6 /* listrDay1.app */;
			productType = "com.apple.product-type.application";
		};
		75E0B1B71BA789A900EBC2C6 /* listrDay1Tests */ = {
			isa = PBXNativeTarget;
			buildConfigurationList = 75E0B1C51BA789A900EBC2C6 /* Build configuration list for PBXNativeTarget "listrDay1Tests" */;
			buildPhases = (
				75E0B1B41BA789A900EBC2C6 /* Sources */,
				75E0B1B51BA789A900EBC2C6 /* Frameworks */,
				75E0B1B61BA789A900EBC2C6 /* Resources */,
			);
			buildRules = (
			);
			dependencies = (
				75E0B1BA1BA789A900EBC2C6 /* PBXTargetDependency */,
			);
			name = listrDay1Tests;
			productName = listrDay1Tests;
			productReference = 75E0B1B81BA789A900EBC2C6 /* listrDay1Tests.xctest */;
			productType = "com.apple.product-type.bundle.unit-test";
		};
/* End PBXNativeTarget section */

/* Begin PBXProject section */
		75E0B1981BA789A900EBC2C6 /* Project object */ = {
			isa = PBXProject;
			attributes = {
				LastUpgradeCheck = 0640;
				ORGANIZATIONNAME = "Raza Qarizada";
				TargetAttributes = {
					75E0B19F1BA789A900EBC2C6 = {
						CreatedOnToolsVersion = 6.4;
					};
					75E0B1B71BA789A900EBC2C6 = {
						CreatedOnToolsVersion = 6.4;
						TestTargetID = 75E0B19F1BA789A900EBC2C6;
					};
				};
			};
			buildConfigurationList = 75E0B19B1BA789A900EBC2C6 /* Build configuration list for PBXProject "listrDay1" */;
			compatibilityVersion = "Xcode 3.2";
			developmentRegion = English;
			hasScannedForEncodings = 0;
			knownRegions = (
				en,
				Base,
			);
			mainGroup = 75E0B1971BA789A900EBC2C6;
			productRefGroup = 75E0B1A11BA789A900EBC2C6 /* Products */;
			projectDirPath = "";
			projectRoot = "";
			targets = (
				75E0B19F1BA789A900EBC2C6 /* listrDay1 */,
				75E0B1B71BA789A900EBC2C6 /* listrDay1Tests */,
			);
		};
/* End PBXProject section */

/* Begin PBXResourcesBuildPhase section */
		75E0B19E1BA789A900EBC2C6 /* Resources */ = {
			isa = PBXResourcesBuildPhase;
			buildActionMask = 2147483647;
			files = (
				75E0B1AE1BA789A900EBC2C6 /* Main.storyboard in Resources */,
				75E0B1B31BA789A900EBC2C6 /* LaunchScreen.xib in Resources */,
				75E0B1B01BA789A900EBC2C6 /* Images.xcassets in Resources */,
			);
			runOnlyForDeploymentPostprocessing = 0;
		};
		75E0B1B61BA789A900EBC2C6 /* Resources */ = {
			isa = PBXResourcesBuildPhase;
			buildActionMask = 2147483647;
			files = (
			);
			runOnlyForDeploymentPostprocessing = 0;
		};
/* End PBXResourcesBuildPhase section */

/* Begin PBXSourcesBuildPhase section */
		75E0B19C1BA789A900EBC2C6 /* Sources */ = {
			isa = PBXSourcesBuildPhase;
			buildActionMask = 2147483647;
			files = (
				75E0B1AB1BA789A900EBC2C6 /* ViewController.swift in Sources */,
				75E0B1A61BA789A900EBC2C6 /* AppDelegate.swift in Sources */,
				75F6AF071BA8B59800520243 /* TableViewController.swift in Sources */,
				75E0B1A91BA789A900EBC2C6 /* listrDay1.xcdatamodeld in Sources */,
			);
			runOnlyForDeploymentPostprocessing = 0;
		};
		75E0B1B41BA789A900EBC2C6 /* Sources */ = {
			isa = PBXSourcesBuildPhase;
			buildActionMask = 2147483647;
			files = (
				75E0B1BF1BA789A900EBC2C6 /* listrDay1Tests.swift in Sources */,
			);
			runOnlyForDeploymentPostprocessing = 0;
		};
/* End PBXSourcesBuildPhase section */

/* Begin PBXTargetDependency section */
		75E0B1BA1BA789A900EBC2C6 /* PBXTargetDependency */ = {
			isa = PBXTargetDependency;
			target = 75E0B19F1BA789A900EBC2C6 /* listrDay1 */;
			targetProxy = 75E0B1B91BA789A900EBC2C6 /* PBXContainerItemProxy */;
		};
/* End PBXTargetDependency section */

/* Begin PBXVariantGroup section */
		75E0B1AC1BA789A900EBC2C6 /* Main.storyboard */ = {
			isa = PBXVariantGroup;
			children = (
				75E0B1AD1BA789A900EBC2C6 /* Base */,
			);
			name = Main.storyboard;
			sourceTree = "<group>";
		};
		75E0B1B11BA789A900EBC2C6 /* LaunchScreen.xib */ = {
			isa = PBXVariantGroup;
			children = (
				75E0B1B21BA789A900EBC2C6 /* Base */,
			);
			name = LaunchScreen.xib;
			sourceTree = "<group>";
		};
/* End PBXVariantGroup section */

/* Begin XCBuildConfiguration section */
		75E0B1C01BA789A900EBC2C6 /* Debug */ = {
			isa = XCBuildConfiguration;
			buildSettings = {
				ALWAYS_SEARCH_USER_PATHS = NO;
				CLANG_CXX_LANGUAGE_STANDARD = "gnu++0x";
				CLANG_CXX_LIBRARY = "libc++";
				CLANG_ENABLE_MODULES = YES;
				CLANG_ENABLE_OBJC_ARC = YES;
				CLANG_WARN_BOOL_CONVERSION = YES;
				CLANG_WARN_CONSTANT_CONVERSION = YES;
				CLANG_WARN_DIRECT_OBJC_ISA_USAGE = YES_ERROR;
				CLANG_WARN_EMPTY_BODY = YES;
				CLANG_WARN_ENUM_CONVERSION = YES;
				CLANG_WARN_INT_CONVERSION = YES;
				CLANG_WARN_OBJC_ROOT_CLASS = YES_ERROR;
				CLANG_WARN_UNREACHABLE_CODE = YES;
				CLANG_WARN__DUPLICATE_METHOD_MATCH = YES;
				"CODE_SIGN_IDENTITY[sdk=iphoneos*]" = "iPhone Developer";
				COPY_PHASE_STRIP = NO;
				DEBUG_INFORMATION_FORMAT = "dwarf-with-dsym";
				ENABLE_STRICT_OBJC_MSGSEND = YES;
				GCC_C_LANGUAGE_STANDARD = gnu99;
				GCC_DYNAMIC_NO_PIC = NO;
				GCC_NO_COMMON_BLOCKS = YES;
				GCC_OPTIMIZATION_LEVEL = 0;
				GCC_PREPROCESSOR_DEFINITIONS = (
					"DEBUG=1",
					"$(inherited)",
				);
				GCC_SYMBOLS_PRIVATE_EXTERN = NO;
				GCC_WARN_64_TO_32_BIT_CONVERSION = YES;
				GCC_WARN_ABOUT_RETURN_TYPE = YES_ERROR;
				GCC_WARN_UNDECLARED_SELECTOR = YES;
				GCC_WARN_UNINITIALIZED_AUTOS = YES_AGGRESSIVE;
				GCC_WARN_UNUSED_FUNCTION = YES;
				GCC_WARN_UNUSED_VARIABLE = YES;
				IPHONEOS_DEPLOYMENT_TARGET = 8.4;
				MTL_ENABLE_DEBUG_INFO = YES;
				ONLY_ACTIVE_ARCH = YES;
				SDKROOT = iphoneos;
				SWIFT_OPTIMIZATION_LEVEL = "-Onone";
				TARGETED_DEVICE_FAMILY = "1,2";
			};
			name = Debug;
		};
		75E0B1C11BA789A900EBC2C6 /* Release */ = {
			isa = XCBuildConfiguration;
			buildSettings = {
				ALWAYS_SEARCH_USER_PATHS = NO;
				CLANG_CXX_LANGUAGE_STANDARD = "gnu++0x";
				CLANG_CXX_LIBRARY = "libc++";
				CLANG_ENABLE_MODULES = YES;
				CLANG_ENABLE_OBJC_ARC = YES;
				CLANG_WARN_BOOL_CONVERSION = YES;
				CLANG_WARN_CONSTANT_CONVERSION = YES;
				CLANG_WARN_DIRECT_OBJC_ISA_USAGE = YES_ERROR;
				CLANG_WARN_EMPTY_BODY = YES;
				CLANG_WARN_ENUM_CONVERSION = YES;
				CLANG_WARN_INT_CONVERSION = YES;
				CLANG_WARN_OBJC_ROOT_CLASS = YES_ERROR;
				CLANG_WARN_UNREACHABLE_CODE = YES;
				CLANG_WARN__DUPLICATE_METHOD_MATCH = YES;
				"CODE_SIGN_IDENTITY[sdk=iphoneos*]" = "iPhone Developer";
				COPY_PHASE_STRIP = NO;
				DEBUG_INFORMATION_FORMAT = "dwarf-with-dsym";
				ENABLE_NS_ASSERTIONS = NO;
				ENABLE_STRICT_OBJC_MSGSEND = YES;
				GCC_C_LANGUAGE_STANDARD = gnu99;
				GCC_NO_COMMON_BLOCKS = YES;
				GCC_WARN_64_TO_32_BIT_CONVERSION = YES;
				GCC_WARN_ABOUT_RETURN_TYPE = YES_ERROR;
				GCC_WARN_UNDECLARED_SELECTOR = YES;
				GCC_WARN_UNINITIALIZED_AUTOS = YES_AGGRESSIVE;
				GCC_WARN_UNUSED_FUNCTION = YES;
				GCC_WARN_UNUSED_VARIABLE = YES;
				IPHONEOS_DEPLOYMENT_TARGET = 8.4;
				MTL_ENABLE_DEBUG_INFO = NO;
				SDKROOT = iphoneos;
				TARGETED_DEVICE_FAMILY = "1,2";
				VALIDATE_PRODUCT = YES;
			};
			name = Release;
		};
		75E0B1C31BA789A900EBC2C6 /* Debug */ = {
			isa = XCBuildConfiguration;
			buildSettings = {
				ASSETCATALOG_COMPILER_APPICON_NAME = AppIcon;
				INFOPLIST_FILE = listrDay1/Info.plist;
				LD_RUNPATH_SEARCH_PATHS = "$(inherited) @executable_path/Frameworks";
				PRODUCT_NAME = "$(TARGET_NAME)";
			};
			name = Debug;
		};
		75E0B1C41BA789A900EBC2C6 /* Release */ = {
			isa = XCBuildConfiguration;
			buildSettings = {
				ASSETCATALOG_COMPILER_APPICON_NAME = AppIcon;
				INFOPLIST_FILE = listrDay1/Info.plist;
				LD_RUNPATH_SEARCH_PATHS = "$(inherited) @executable_path/Frameworks";
				PRODUCT_NAME = "$(TARGET_NAME)";
			};
			name = Release;
		};
		75E0B1C61BA789A900EBC2C6 /* Debug */ = {
			isa = XCBuildConfiguration;
			buildSettings = {
				BUNDLE_LOADER = "$(TEST_HOST)";
				FRAMEWORK_SEARCH_PATHS = (
					"$(SDKROOT)/Developer/Library/Frameworks",
					"$(inherited)",
				);
				GCC_PREPROCESSOR_DEFINITIONS = (
					"DEBUG=1",
					"$(inherited)",
				);
				INFOPLIST_FILE = listrDay1Tests/Info.plist;
				LD_RUNPATH_SEARCH_PATHS = "$(inherited) @executable_path/Frameworks @loader_path/Frameworks";
				PRODUCT_NAME = "$(TARGET_NAME)";
				TEST_HOST = "$(BUILT_PRODUCTS_DIR)/listrDay1.app/listrDay1";
			};
			name = Debug;
		};
		75E0B1C71BA789A900EBC2C6 /* Release */ = {
			isa = XCBuildConfiguration;
			buildSettings = {
				BUNDLE_LOADER = "$(TEST_HOST)";
				FRAMEWORK_SEARCH_PATHS = (
					"$(SDKROOT)/Developer/Library/Frameworks",
					"$(inherited)",
				);
				INFOPLIST_FILE = listrDay1Tests/Info.plist;
				LD_RUNPATH_SEARCH_PATHS = "$(inherited) @executable_path/Frameworks @loader_path/Frameworks";
				PRODUCT_NAME = "$(TARGET_NAME)";
				TEST_HOST = "$(BUILT_PRODUCTS_DIR)/listrDay1.app/listrDay1";
			};
			name = Release;
		};
/* End XCBuildConfiguration section */

/* Begin XCConfigurationList section */
		75E0B19B1BA789A900EBC2C6 /* Build configuration list for PBXProject "listrDay1" */ = {
			isa = XCConfigurationList;
			buildConfigurations = (
				75E0B1C01BA789A900EBC2C6 /* Debug */,
				75E0B1C11BA789A900EBC2C6 /* Release */,
			);
			defaultConfigurationIsVisible = 0;
			defaultConfigurationName = Release;
		};
		75E0B1C21BA789A900EBC2C6 /* Build configuration list for PBXNativeTarget "listrDay1" */ = {
			isa = XCConfigurationList;
			buildConfigurations = (
				75E0B1C31BA789A900EBC2C6 /* Debug */,
				75E0B1C41BA789A900EBC2C6 /* Release */,
			);
			defaultConfigurationIsVisible = 0;
			defaultConfigurationName = Release;
		};
		75E0B1C51BA789A900EBC2C6 /* Build configuration list for PBXNativeTarget "listrDay1Tests" */ = {
			isa = XCConfigurationList;
			buildConfigurations = (
				75E0B1C61BA789A900EBC2C6 /* Debug */,
				75E0B1C71BA789A900EBC2C6 /* Release */,
			);
			defaultConfigurationIsVisible = 0;
			defaultConfigurationName = Release;
		};
/* End XCConfigurationList section */

/* Begin XCVersionGroup section */
		75E0B1A71BA789A900EBC2C6 /* listrDay1.xcdatamodeld */ = {
			isa = XCVersionGroup;
			children = (
				75E0B1A81BA789A900EBC2C6 /* listrDay1.xcdatamodel */,
			);
			currentVersion = 75E0B1A81BA789A900EBC2C6 /* listrDay1.xcdatamodel */;
			path = listrDay1.xcdatamodeld;
			sourceTree = "<group>";
			versionGroupType = wrapper.xcdatamodel;
		};
/* End XCVersionGroup section */
	};
	rootObject = 75E0B1981BA789A900EBC2C6 /* Project object */;
}
